
Microsoft Visual Studio Solution File, Format Version 12.00
# Visual Studio 15
VisualStudioVersion = 15.0.27130.2027
MinimumVisualStudioVersion = 10.0.40219.1
Project("{FAE04EC0-301F-11D3-BF4B-00C04F79EFBC}") = "Readify.Web", "Readify.Web\Readify.Web.csproj", "{D9B9D65E-8FDE-48A2-AB5E-78010A70A1AC}"
EndProject
Global
	GlobalSection(SolutionConfigurationPlatforms) = preSolution
		Debug|Any CPU = Debug|Any CPU
		Release|Any CPU = Release|Any CPU
	EndGlobalSection
	GlobalSection(ProjectConfigurationPlatforms) = postSolution
		{D9B9D65E-8FDE-48A2-AB5E-78010A70A1AC}.Debug|Any CPU.ActiveCfg = Debug|Any CPU
		{D9B9D65E-8FDE-48A2-AB5E-78010A70A1AC}.Debug|Any CPU.Build.0 = Debug|Any CPU
		{D9B9D65E-8FDE-48A2-AB5E-78010A70A1AC}.Release|Any CPU.ActiveCfg = Release|Any CPU
		{D9B9D65E-8FDE-48A2-AB5E-78010A70A1AC}.Release|Any CPU.Build.0 = Release|Any CPU
	EndGlobalSection
	GlobalSection(SolutionProperties) = preSolution
		HideSolutionNode = FALSE
	EndGlobalSection
	GlobalSection(ExtensibilityGlobals) = postSolution
		SolutionGuid = {877F9E11-A910-4F86-A3F0-814095041518}
	EndGlobalSection
EndGlobal
